// !$*UTF8*$!
{
	archiveVersion = 1;
	classes = {
	};
	objectVersion = 46;
	objects = {

/* Begin PBXBuildFile section */
		4AA7D8F94B21CA875953D8CE /* Pods_TaskMeTests.framework in Frameworks */ = {isa = PBXBuildFile; fileRef = 419B933546795CC5A5A1E654 /* Pods_TaskMeTests.framework */; };
		5F01CA9D1E3C361400411506 /* AppDelegate.swift in Sources */ = {isa = PBXBuildFile; fileRef = 5F01CA9C1E3C361400411506 /* AppDelegate.swift */; };
		5F01CAA21E3C361400411506 /* Main.storyboard in Resources */ = {isa = PBXBuildFile; fileRef = 5F01CAA01E3C361400411506 /* Main.storyboard */; };
		5F01CAA41E3C361400411506 /* Assets.xcassets in Resources */ = {isa = PBXBuildFile; fileRef = 5F01CAA31E3C361400411506 /* Assets.xcassets */; };
		5F01CAA71E3C361400411506 /* LaunchScreen.storyboard in Resources */ = {isa = PBXBuildFile; fileRef = 5F01CAA51E3C361400411506 /* LaunchScreen.storyboard */; };
		5F01CAB21E3C361400411506 /* TaskMeTests.swift in Sources */ = {isa = PBXBuildFile; fileRef = 5F01CAB11E3C361400411506 /* TaskMeTests.swift */; };
		5F01CABD1E3C361400411506 /* TaskMeUITests.swift in Sources */ = {isa = PBXBuildFile; fileRef = 5F01CABC1E3C361400411506 /* TaskMeUITests.swift */; };
		5F188DC01E46EFFD00EB73E2 /* ViewController.swift in Sources */ = {isa = PBXBuildFile; fileRef = 5F188DBF1E46EFFD00EB73E2 /* ViewController.swift */; };
		5F47CE0D1E6E2E8A00E0CF75 /* SWRevealViewController.m in Sources */ = {isa = PBXBuildFile; fileRef = 5F47CE0C1E6E2E8A00E0CF75 /* SWRevealViewController.m */; };
		5F47CE141E6E404E00E0CF75 /* HomeViewController.swift in Sources */ = {isa = PBXBuildFile; fileRef = 5F47CE131E6E404E00E0CF75 /* HomeViewController.swift */; };
		5F47CE161E6E448000E0CF75 /* MenuViewController.swift in Sources */ = {isa = PBXBuildFile; fileRef = 5F47CE151E6E448000E0CF75 /* MenuViewController.swift */; };
		5F4E10F31E726356006CA1A7 /* LoginViewController.swift in Sources */ = {isa = PBXBuildFile; fileRef = 5F4E10F21E726356006CA1A7 /* LoginViewController.swift */; };
		5F4E10F51E726386006CA1A7 /* SignUpViewController.swift in Sources */ = {isa = PBXBuildFile; fileRef = 5F4E10F41E726386006CA1A7 /* SignUpViewController.swift */; };
		5F721AA81E760C5E0040B860 /* GoogleService-Info.plist in Resources */ = {isa = PBXBuildFile; fileRef = 5F721AA71E760C5E0040B860 /* GoogleService-Info.plist */; };
		5FA688F01E8121DD007FF74C /* RequestTaskViewController.swift in Sources */ = {isa = PBXBuildFile; fileRef = 5FA688EF1E8121DD007FF74C /* RequestTaskViewController.swift */; };
		5FA688F21E81226B007FF74C /* CompleteTaskViewController.swift in Sources */ = {isa = PBXBuildFile; fileRef = 5FA688F11E81226B007FF74C /* CompleteTaskViewController.swift */; };
		5FA688F41E81227E007FF74C /* MyProfileViewController.swift in Sources */ = {isa = PBXBuildFile; fileRef = 5FA688F31E81227E007FF74C /* MyProfileViewController.swift */; };
		5FA688F61E81228E007FF74C /* SettingsViewController.swift in Sources */ = {isa = PBXBuildFile; fileRef = 5FA688F51E81228E007FF74C /* SettingsViewController.swift */; };
		5FA688F81E81CE6A007FF74C /* RequestTaskOptionsViewController.swift in Sources */ = {isa = PBXBuildFile; fileRef = 5FA688F71E81CE6A007FF74C /* RequestTaskOptionsViewController.swift */; };
		5FA688FA1E81CF2B007FF74C /* CurrencyField.swift in Sources */ = {isa = PBXBuildFile; fileRef = 5FA688F91E81CF2B007FF74C /* CurrencyField.swift */; };
		5FBE9C211E46E9E0008D2A4D /* RootPageViewController.swift in Sources */ = {isa = PBXBuildFile; fileRef = 5FBE9C201E46E9E0008D2A4D /* RootPageViewController.swift */; };
		783837D40A998D8764854226 /* Pods_TaskMeUITests.framework in Frameworks */ = {isa = PBXBuildFile; fileRef = 0954096C9A534E10CA11D885 /* Pods_TaskMeUITests.framework */; };
		AF816DFAEC0D00E5A3E361E0 /* Pods_TaskMe.framework in Frameworks */ = {isa = PBXBuildFile; fileRef = 8CE71E4046E890BB5A276494 /* Pods_TaskMe.framework */; };
/* End PBXBuildFile section */

/* Begin PBXContainerItemProxy section */
		5F01CAAE1E3C361400411506 /* PBXContainerItemProxy */ = {
			isa = PBXContainerItemProxy;
			containerPortal = 5F01CA911E3C361400411506 /* Project object */;
			proxyType = 1;
			remoteGlobalIDString = 5F01CA981E3C361400411506;
			remoteInfo = TaskMe;
		};
		5F01CAB91E3C361400411506 /* PBXContainerItemProxy */ = {
			isa = PBXContainerItemProxy;
			containerPortal = 5F01CA911E3C361400411506 /* Project object */;
			proxyType = 1;
			remoteGlobalIDString = 5F01CA981E3C361400411506;
			remoteInfo = TaskMe;
		};
/* End PBXContainerItemProxy section */

/* Begin PBXFileReference section */
		0954096C9A534E10CA11D885 /* Pods_TaskMeUITests.framework */ = {isa = PBXFileReference; explicitFileType = wrapper.framework; includeInIndex = 0; path = Pods_TaskMeUITests.framework; sourceTree = BUILT_PRODUCTS_DIR; };
		134AAF894C8E5EC5948C4FA2 /* Pods-TaskMe.release.xcconfig */ = {isa = PBXFileReference; includeInIndex = 1; lastKnownFileType = text.xcconfig; name = "Pods-TaskMe.release.xcconfig"; path = "Pods/Target Support Files/Pods-TaskMe/Pods-TaskMe.release.xcconfig"; sourceTree = "<group>"; };
		419B933546795CC5A5A1E654 /* Pods_TaskMeTests.framework */ = {isa = PBXFileReference; explicitFileType = wrapper.framework; includeInIndex = 0; path = Pods_TaskMeTests.framework; sourceTree = BUILT_PRODUCTS_DIR; };
		5F01CA991E3C361400411506 /* TaskMe.app */ = {isa = PBXFileReference; explicitFileType = wrapper.application; includeInIndex = 0; path = TaskMe.app; sourceTree = BUILT_PRODUCTS_DIR; };
		5F01CA9C1E3C361400411506 /* AppDelegate.swift */ = {isa = PBXFileReference; lastKnownFileType = sourcecode.swift; path = AppDelegate.swift; sourceTree = "<group>"; };
		5F01CAA11E3C361400411506 /* Base */ = {isa = PBXFileReference; lastKnownFileType = file.storyboard; name = Base; path = Base.lproj/Main.storyboard; sourceTree = "<group>"; };
		5F01CAA31E3C361400411506 /* Assets.xcassets */ = {isa = PBXFileReference; lastKnownFileType = folder.assetcatalog; path = Assets.xcassets; sourceTree = "<group>"; };
		5F01CAA61E3C361400411506 /* Base */ = {isa = PBXFileReference; lastKnownFileType = file.storyboard; name = Base; path = Base.lproj/LaunchScreen.storyboard; sourceTree = "<group>"; };
		5F01CAA81E3C361400411506 /* Info.plist */ = {isa = PBXFileReference; lastKnownFileType = text.plist.xml; path = Info.plist; sourceTree = "<group>"; };
		5F01CAAD1E3C361400411506 /* TaskMeTests.xctest */ = {isa = PBXFileReference; explicitFileType = wrapper.cfbundle; includeInIndex = 0; path = TaskMeTests.xctest; sourceTree = BUILT_PRODUCTS_DIR; };
		5F01CAB11E3C361400411506 /* TaskMeTests.swift */ = {isa = PBXFileReference; lastKnownFileType = sourcecode.swift; path = TaskMeTests.swift; sourceTree = "<group>"; };
		5F01CAB31E3C361400411506 /* Info.plist */ = {isa = PBXFileReference; lastKnownFileType = text.plist.xml; path = Info.plist; sourceTree = "<group>"; };
		5F01CAB81E3C361400411506 /* TaskMeUITests.xctest */ = {isa = PBXFileReference; explicitFileType = wrapper.cfbundle; includeInIndex = 0; path = TaskMeUITests.xctest; sourceTree = BUILT_PRODUCTS_DIR; };
		5F01CABC1E3C361400411506 /* TaskMeUITests.swift */ = {isa = PBXFileReference; lastKnownFileType = sourcecode.swift; path = TaskMeUITests.swift; sourceTree = "<group>"; };
		5F01CABE1E3C361400411506 /* Info.plist */ = {isa = PBXFileReference; lastKnownFileType = text.plist.xml; path = Info.plist; sourceTree = "<group>"; };
		5F188DBF1E46EFFD00EB73E2 /* ViewController.swift */ = {isa = PBXFileReference; fileEncoding = 4; lastKnownFileType = sourcecode.swift; name = ViewController.swift; path = TaskMe/ViewController.swift; sourceTree = "<group>"; };
		5F47CE0A1E6E2E8900E0CF75 /* TaskMe-Bridging-Header.h */ = {isa = PBXFileReference; lastKnownFileType = sourcecode.c.h; path = "TaskMe-Bridging-Header.h"; sourceTree = "<group>"; };
		5F47CE0B1E6E2E8A00E0CF75 /* SWRevealViewController.h */ = {isa = PBXFileReference; fileEncoding = 4; lastKnownFileType = sourcecode.c.h; path = SWRevealViewController.h; sourceTree = "<group>"; };
		5F47CE0C1E6E2E8A00E0CF75 /* SWRevealViewController.m */ = {isa = PBXFileReference; fileEncoding = 4; lastKnownFileType = sourcecode.c.objc; path = SWRevealViewController.m; sourceTree = "<group>"; };
		5F47CE131E6E404E00E0CF75 /* HomeViewController.swift */ = {isa = PBXFileReference; fileEncoding = 4; lastKnownFileType = sourcecode.swift; path = HomeViewController.swift; sourceTree = "<group>"; };
		5F47CE151E6E448000E0CF75 /* MenuViewController.swift */ = {isa = PBXFileReference; fileEncoding = 4; lastKnownFileType = sourcecode.swift; path = MenuViewController.swift; sourceTree = "<group>"; };
		5F4E10F21E726356006CA1A7 /* LoginViewController.swift */ = {isa = PBXFileReference; fileEncoding = 4; lastKnownFileType = sourcecode.swift; path = LoginViewController.swift; sourceTree = "<group>"; };
		5F4E10F41E726386006CA1A7 /* SignUpViewController.swift */ = {isa = PBXFileReference; fileEncoding = 4; lastKnownFileType = sourcecode.swift; path = SignUpViewController.swift; sourceTree = "<group>"; };
		5F721AA71E760C5E0040B860 /* GoogleService-Info.plist */ = {isa = PBXFileReference; fileEncoding = 4; lastKnownFileType = text.plist.xml; path = "GoogleService-Info.plist"; sourceTree = "<group>"; };
		5FA688EF1E8121DD007FF74C /* RequestTaskViewController.swift */ = {isa = PBXFileReference; fileEncoding = 4; lastKnownFileType = sourcecode.swift; path = RequestTaskViewController.swift; sourceTree = "<group>"; };
		5FA688F11E81226B007FF74C /* CompleteTaskViewController.swift */ = {isa = PBXFileReference; fileEncoding = 4; lastKnownFileType = sourcecode.swift; path = CompleteTaskViewController.swift; sourceTree = "<group>"; };
		5FA688F31E81227E007FF74C /* MyProfileViewController.swift */ = {isa = PBXFileReference; fileEncoding = 4; lastKnownFileType = sourcecode.swift; path = MyProfileViewController.swift; sourceTree = "<group>"; };
		5FA688F51E81228E007FF74C /* SettingsViewController.swift */ = {isa = PBXFileReference; fileEncoding = 4; lastKnownFileType = sourcecode.swift; path = SettingsViewController.swift; sourceTree = "<group>"; };
		5FA688F71E81CE6A007FF74C /* RequestTaskOptionsViewController.swift */ = {isa = PBXFileReference; fileEncoding = 4; lastKnownFileType = sourcecode.swift; path = RequestTaskOptionsViewController.swift; sourceTree = "<group>"; };
		5FA688F91E81CF2B007FF74C /* CurrencyField.swift */ = {isa = PBXFileReference; fileEncoding = 4; lastKnownFileType = sourcecode.swift; path = CurrencyField.swift; sourceTree = "<group>"; };
		5FBE9C201E46E9E0008D2A4D /* RootPageViewController.swift */ = {isa = PBXFileReference; fileEncoding = 4; lastKnownFileType = sourcecode.swift; path = RootPageViewController.swift; sourceTree = "<group>"; };
		715E56D549FB7A1A939D7263 /* Pods-TaskMeUITests.release.xcconfig */ = {isa = PBXFileReference; includeInIndex = 1; lastKnownFileType = text.xcconfig; name = "Pods-TaskMeUITests.release.xcconfig"; path = "Pods/Target Support Files/Pods-TaskMeUITests/Pods-TaskMeUITests.release.xcconfig"; sourceTree = "<group>"; };
		85C196DEB8B265F00AA6753E /* Pods-TaskMe.debug.xcconfig */ = {isa = PBXFileReference; includeInIndex = 1; lastKnownFileType = text.xcconfig; name = "Pods-TaskMe.debug.xcconfig"; path = "Pods/Target Support Files/Pods-TaskMe/Pods-TaskMe.debug.xcconfig"; sourceTree = "<group>"; };
		8887451F9EBF7F2C57FD0675 /* Pods-TaskMeUITests.debug.xcconfig */ = {isa = PBXFileReference; includeInIndex = 1; lastKnownFileType = text.xcconfig; name = "Pods-TaskMeUITests.debug.xcconfig"; path = "Pods/Target Support Files/Pods-TaskMeUITests/Pods-TaskMeUITests.debug.xcconfig"; sourceTree = "<group>"; };
		8CE71E4046E890BB5A276494 /* Pods_TaskMe.framework */ = {isa = PBXFileReference; explicitFileType = wrapper.framework; includeInIndex = 0; path = Pods_TaskMe.framework; sourceTree = BUILT_PRODUCTS_DIR; };
		CD44F52664354E2424D5F8AA /* Pods-TaskMeTests.debug.xcconfig */ = {isa = PBXFileReference; includeInIndex = 1; lastKnownFileType = text.xcconfig; name = "Pods-TaskMeTests.debug.xcconfig"; path = "Pods/Target Support Files/Pods-TaskMeTests/Pods-TaskMeTests.debug.xcconfig"; sourceTree = "<group>"; };
		F5BCB67D5854E25C0C59F71D /* Pods-TaskMeTests.release.xcconfig */ = {isa = PBXFileReference; includeInIndex = 1; lastKnownFileType = text.xcconfig; name = "Pods-TaskMeTests.release.xcconfig"; path = "Pods/Target Support Files/Pods-TaskMeTests/Pods-TaskMeTests.release.xcconfig"; sourceTree = "<group>"; };
/* End PBXFileReference section */

/* Begin PBXFrameworksBuildPhase section */
		5F01CA961E3C361400411506 /* Frameworks */ = {
			isa = PBXFrameworksBuildPhase;
			buildActionMask = 2147483647;
			files = (
				AF816DFAEC0D00E5A3E361E0 /* Pods_TaskMe.framework in Frameworks */,
			);
			runOnlyForDeploymentPostprocessing = 0;
		};
		5F01CAAA1E3C361400411506 /* Frameworks */ = {
			isa = PBXFrameworksBuildPhase;
			buildActionMask = 2147483647;
			files = (
				4AA7D8F94B21CA875953D8CE /* Pods_TaskMeTests.framework in Frameworks */,
			);
			runOnlyForDeploymentPostprocessing = 0;
		};
		5F01CAB51E3C361400411506 /* Frameworks */ = {
			isa = PBXFrameworksBuildPhase;
			buildActionMask = 2147483647;
			files = (
				783837D40A998D8764854226 /* Pods_TaskMeUITests.framework in Frameworks */,
			);
			runOnlyForDeploymentPostprocessing = 0;
		};
/* End PBXFrameworksBuildPhase section */

/* Begin PBXGroup section */
		3AE333ED96287351FC2CF169 /* Frameworks */ = {
			isa = PBXGroup;
			children = (
				8CE71E4046E890BB5A276494 /* Pods_TaskMe.framework */,
				419B933546795CC5A5A1E654 /* Pods_TaskMeTests.framework */,
				0954096C9A534E10CA11D885 /* Pods_TaskMeUITests.framework */,
			);
			name = Frameworks;
			sourceTree = "<group>";
		};
		5F01CA901E3C361400411506 = {
			isa = PBXGroup;
			children = (
				5F188DBF1E46EFFD00EB73E2 /* ViewController.swift */,
				5F01CA9B1E3C361400411506 /* TaskMe */,
				5F01CAB01E3C361400411506 /* TaskMeTests */,
				5F01CABB1E3C361400411506 /* TaskMeUITests */,
				5F01CA9A1E3C361400411506 /* Products */,
				CDA7297E9A855E4822786159 /* Pods */,
				3AE333ED96287351FC2CF169 /* Frameworks */,
			);
			sourceTree = "<group>";
		};
		5F01CA9A1E3C361400411506 /* Products */ = {
			isa = PBXGroup;
			children = (
				5F01CA991E3C361400411506 /* TaskMe.app */,
				5F01CAAD1E3C361400411506 /* TaskMeTests.xctest */,
				5F01CAB81E3C361400411506 /* TaskMeUITests.xctest */,
			);
			name = Products;
			sourceTree = "<group>";
		};
		5F01CA9B1E3C361400411506 /* TaskMe */ = {
			isa = PBXGroup;
			children = (
				5FBE9C201E46E9E0008D2A4D /* RootPageViewController.swift */,
				5F01CA9C1E3C361400411506 /* AppDelegate.swift */,
				5F721AA71E760C5E0040B860 /* GoogleService-Info.plist */,
				5F01CAA01E3C361400411506 /* Main.storyboard */,
				5FA688FC1E81CF3D007FF74C /* RequestTaskLogic */,
				5F4E10F61E72638A006CA1A7 /* Login/SignUp Controllers */,
				5F47CE0E1E6E2E9100E0CF75 /* SWRevealController */,
				5F01CAA31E3C361400411506 /* Assets.xcassets */,
				5F01CAA51E3C361400411506 /* LaunchScreen.storyboard */,
				5F01CAA81E3C361400411506 /* Info.plist */,
			);
			path = TaskMe;
			sourceTree = "<group>";
		};
		5F01CAB01E3C361400411506 /* TaskMeTests */ = {
			isa = PBXGroup;
			children = (
				5F01CAB11E3C361400411506 /* TaskMeTests.swift */,
				5F01CAB31E3C361400411506 /* Info.plist */,
			);
			path = TaskMeTests;
			sourceTree = "<group>";
		};
		5F01CABB1E3C361400411506 /* TaskMeUITests */ = {
			isa = PBXGroup;
			children = (
				5F01CABC1E3C361400411506 /* TaskMeUITests.swift */,
				5F01CABE1E3C361400411506 /* Info.plist */,
			);
			path = TaskMeUITests;
			sourceTree = "<group>";
		};
		5F47CE0E1E6E2E9100E0CF75 /* SWRevealController */ = {
			isa = PBXGroup;
			children = (
				5F47CE0B1E6E2E8A00E0CF75 /* SWRevealViewController.h */,
				5F47CE0C1E6E2E8A00E0CF75 /* SWRevealViewController.m */,
				5F47CE0A1E6E2E8900E0CF75 /* TaskMe-Bridging-Header.h */,
				5F47CE131E6E404E00E0CF75 /* HomeViewController.swift */,
				5FA688EF1E8121DD007FF74C /* RequestTaskViewController.swift */,
				5FA688F11E81226B007FF74C /* CompleteTaskViewController.swift */,
				5FA688F51E81228E007FF74C /* SettingsViewController.swift */,
				5FA688F31E81227E007FF74C /* MyProfileViewController.swift */,
				5F47CE151E6E448000E0CF75 /* MenuViewController.swift */,
			);
			name = SWRevealController;
			sourceTree = "<group>";
		};
		5F4E10F61E72638A006CA1A7 /* Login/SignUp Controllers */ = {
			isa = PBXGroup;
			children = (
				5F4E10F21E726356006CA1A7 /* LoginViewController.swift */,
				5F4E10F41E726386006CA1A7 /* SignUpViewController.swift */,
			);
			name = "Login/SignUp Controllers";
			sourceTree = "<group>";
		};
		5FA688FC1E81CF3D007FF74C /* RequestTaskLogic */ = {
			isa = PBXGroup;
			children = (
				5FA688F91E81CF2B007FF74C /* CurrencyField.swift */,
				5FA688F71E81CE6A007FF74C /* RequestTaskOptionsViewController.swift */,
			);
			name = RequestTaskLogic;
			sourceTree = "<group>";
		};
		CDA7297E9A855E4822786159 /* Pods */ = {
			isa = PBXGroup;
			children = (
				85C196DEB8B265F00AA6753E /* Pods-TaskMe.debug.xcconfig */,
				134AAF894C8E5EC5948C4FA2 /* Pods-TaskMe.release.xcconfig */,
				CD44F52664354E2424D5F8AA /* Pods-TaskMeTests.debug.xcconfig */,
				F5BCB67D5854E25C0C59F71D /* Pods-TaskMeTests.release.xcconfig */,
				8887451F9EBF7F2C57FD0675 /* Pods-TaskMeUITests.debug.xcconfig */,
				715E56D549FB7A1A939D7263 /* Pods-TaskMeUITests.release.xcconfig */,
			);
			name = Pods;
			sourceTree = "<group>";
		};
/* End PBXGroup section */

/* Begin PBXNativeTarget section */
		5F01CA981E3C361400411506 /* TaskMe */ = {
			isa = PBXNativeTarget;
			buildConfigurationList = 5F01CAC11E3C361400411506 /* Build configuration list for PBXNativeTarget "TaskMe" */;
			buildPhases = (
				9E3092252775940058FEB8A7 /* [CP] Check Pods Manifest.lock */,
				5F01CA951E3C361400411506 /* Sources */,
				5F01CA961E3C361400411506 /* Frameworks */,
				5F01CA971E3C361400411506 /* Resources */,
				8C30C4A1C8BB74AC32A3A152 /* [CP] Embed Pods Frameworks */,
				BACD40C0374DFE62C90A4604 /* [CP] Copy Pods Resources */,
			);
			buildRules = (
			);
			dependencies = (
			);
			name = TaskMe;
			productName = TaskMe;
			productReference = 5F01CA991E3C361400411506 /* TaskMe.app */;
			productType = "com.apple.product-type.application";
		};
		5F01CAAC1E3C361400411506 /* TaskMeTests */ = {
			isa = PBXNativeTarget;
			buildConfigurationList = 5F01CAC41E3C361400411506 /* Build configuration list for PBXNativeTarget "TaskMeTests" */;
			buildPhases = (
				C6989880C7A8F2E7E45BAAA6 /* [CP] Check Pods Manifest.lock */,
				5F01CAA91E3C361400411506 /* Sources */,
				5F01CAAA1E3C361400411506 /* Frameworks */,
				5F01CAAB1E3C361400411506 /* Resources */,
				93EE98104C9FF679D3EE8925 /* [CP] Embed Pods Frameworks */,
				795C6D8EBD41F6B3209A34D2 /* [CP] Copy Pods Resources */,
			);
			buildRules = (
			);
			dependencies = (
				5F01CAAF1E3C361400411506 /* PBXTargetDependency */,
			);
			name = TaskMeTests;
			productName = TaskMeTests;
			productReference = 5F01CAAD1E3C361400411506 /* TaskMeTests.xctest */;
			productType = "com.apple.product-type.bundle.unit-test";
		};
		5F01CAB71E3C361400411506 /* TaskMeUITests */ = {
			isa = PBXNativeTarget;
			buildConfigurationList = 5F01CAC71E3C361400411506 /* Build configuration list for PBXNativeTarget "TaskMeUITests" */;
			buildPhases = (
				99DA11A3FDB6A226B8437A13 /* [CP] Check Pods Manifest.lock */,
				5F01CAB41E3C361400411506 /* Sources */,
				5F01CAB51E3C361400411506 /* Frameworks */,
				5F01CAB61E3C361400411506 /* Resources */,
				7BA9F10FE4BFA51050DB2712 /* [CP] Embed Pods Frameworks */,
				91A250BF586412BD504D4D09 /* [CP] Copy Pods Resources */,
			);
			buildRules = (
			);
			dependencies = (
				5F01CABA1E3C361400411506 /* PBXTargetDependency */,
			);
			name = TaskMeUITests;
			productName = TaskMeUITests;
			productReference = 5F01CAB81E3C361400411506 /* TaskMeUITests.xctest */;
			productType = "com.apple.product-type.bundle.ui-testing";
		};
/* End PBXNativeTarget section */

/* Begin PBXProject section */
		5F01CA911E3C361400411506 /* Project object */ = {
			isa = PBXProject;
			attributes = {
				LastSwiftUpdateCheck = 0820;
				LastUpgradeCheck = 0820;
				ORGANIZATIONNAME = "Pietro Sette";
				TargetAttributes = {
					5F01CA981E3C361400411506 = {
						CreatedOnToolsVersion = 8.2.1;
						LastSwiftMigration = 0820;
						ProvisioningStyle = Manual;
					};
					5F01CAAC1E3C361400411506 = {
						CreatedOnToolsVersion = 8.2.1;
						ProvisioningStyle = Automatic;
						TestTargetID = 5F01CA981E3C361400411506;
					};
					5F01CAB71E3C361400411506 = {
						CreatedOnToolsVersion = 8.2.1;
						ProvisioningStyle = Automatic;
						TestTargetID = 5F01CA981E3C361400411506;
					};
				};
			};
			buildConfigurationList = 5F01CA941E3C361400411506 /* Build configuration list for PBXProject "TaskMe" */;
			compatibilityVersion = "Xcode 3.2";
			developmentRegion = English;
			hasScannedForEncodings = 0;
			knownRegions = (
				en,
				Base,
			);
			mainGroup = 5F01CA901E3C361400411506;
			productRefGroup = 5F01CA9A1E3C361400411506 /* Products */;
			projectDirPath = "";
			projectRoot = "";
			targets = (
				5F01CA981E3C361400411506 /* TaskMe */,
				5F01CAAC1E3C361400411506 /* TaskMeTests */,
				5F01CAB71E3C361400411506 /* TaskMeUITests */,
			);
		};
/* End PBXProject section */

/* Begin PBXResourcesBuildPhase section */
		5F01CA971E3C361400411506 /* Resources */ = {
			isa = PBXResourcesBuildPhase;
			buildActionMask = 2147483647;
			files = (
				5F01CAA71E3C361400411506 /* LaunchScreen.storyboard in Resources */,
				5F721AA81E760C5E0040B860 /* GoogleService-Info.plist in Resources */,
				5F01CAA41E3C361400411506 /* Assets.xcassets in Resources */,
				5F01CAA21E3C361400411506 /* Main.storyboard in Resources */,
			);
			runOnlyForDeploymentPostprocessing = 0;
		};
		5F01CAAB1E3C361400411506 /* Resources */ = {
			isa = PBXResourcesBuildPhase;
			buildActionMask = 2147483647;
			files = (
			);
			runOnlyForDeploymentPostprocessing = 0;
		};
		5F01CAB61E3C361400411506 /* Resources */ = {
			isa = PBXResourcesBuildPhase;
			buildActionMask = 2147483647;
			files = (
			);
			runOnlyForDeploymentPostprocessing = 0;
		};
/* End PBXResourcesBuildPhase section */

/* Begin PBXShellScriptBuildPhase section */
		795C6D8EBD41F6B3209A34D2 /* [CP] Copy Pods Resources */ = {
			isa = PBXShellScriptBuildPhase;
			buildActionMask = 2147483647;
			files = (
			);
			inputPaths = (
			);
			name = "[CP] Copy Pods Resources";
			outputPaths = (
			);
			runOnlyForDeploymentPostprocessing = 0;
			shellPath = /bin/sh;
			shellScript = "\"${SRCROOT}/Pods/Target Support Files/Pods-TaskMeTests/Pods-TaskMeTests-resources.sh\"\n";
			showEnvVarsInLog = 0;
		};
		7BA9F10FE4BFA51050DB2712 /* [CP] Embed Pods Frameworks */ = {
			isa = PBXShellScriptBuildPhase;
			buildActionMask = 2147483647;
			files = (
			);
			inputPaths = (
			);
			name = "[CP] Embed Pods Frameworks";
			outputPaths = (
			);
			runOnlyForDeploymentPostprocessing = 0;
			shellPath = /bin/sh;
			shellScript = "\"${SRCROOT}/Pods/Target Support Files/Pods-TaskMeUITests/Pods-TaskMeUITests-frameworks.sh\"\n";
			showEnvVarsInLog = 0;
		};
		8C30C4A1C8BB74AC32A3A152 /* [CP] Embed Pods Frameworks */ = {
			isa = PBXShellScriptBuildPhase;
			buildActionMask = 2147483647;
			files = (
			);
			inputPaths = (
			);
			name = "[CP] Embed Pods Frameworks";
			outputPaths = (
			);
			runOnlyForDeploymentPostprocessing = 0;
			shellPath = /bin/sh;
			shellScript = "\"${SRCROOT}/Pods/Target Support Files/Pods-TaskMe/Pods-TaskMe-frameworks.sh\"\n";
			showEnvVarsInLog = 0;
		};
		91A250BF586412BD504D4D09 /* [CP] Copy Pods Resources */ = {
			isa = PBXShellScriptBuildPhase;
			buildActionMask = 2147483647;
			files = (
			);
			inputPaths = (
			);
			name = "[CP] Copy Pods Resources";
			outputPaths = (
			);
			runOnlyForDeploymentPostprocessing = 0;
			shellPath = /bin/sh;
			shellScript = "\"${SRCROOT}/Pods/Target Support Files/Pods-TaskMeUITests/Pods-TaskMeUITests-resources.sh\"\n";
			showEnvVarsInLog = 0;
		};
		93EE98104C9FF679D3EE8925 /* [CP] Embed Pods Frameworks */ = {
			isa = PBXShellScriptBuildPhase;
			buildActionMask = 2147483647;
			files = (
			);
			inputPaths = (
			);
			name = "[CP] Embed Pods Frameworks";
			outputPaths = (
			);
			runOnlyForDeploymentPostprocessing = 0;
			shellPath = /bin/sh;
			shellScript = "\"${SRCROOT}/Pods/Target Support Files/Pods-TaskMeTests/Pods-TaskMeTests-frameworks.sh\"\n";
			showEnvVarsInLog = 0;
		};
		99DA11A3FDB6A226B8437A13 /* [CP] Check Pods Manifest.lock */ = {
			isa = PBXShellScriptBuildPhase;
			buildActionMask = 2147483647;
			files = (
			);
			inputPaths = (
			);
			name = "[CP] Check Pods Manifest.lock";
			outputPaths = (
			);
			runOnlyForDeploymentPostprocessing = 0;
			shellPath = /bin/sh;
			shellScript = "diff \"${PODS_ROOT}/../Podfile.lock\" \"${PODS_ROOT}/Manifest.lock\" > /dev/null\nif [ $? != 0 ] ; then\n    # print error to STDERR\n    echo \"error: The sandbox is not in sync with the Podfile.lock. Run 'pod install' or update your CocoaPods installation.\" >&2\n    exit 1\nfi\n";
			showEnvVarsInLog = 0;
		};
		9E3092252775940058FEB8A7 /* [CP] Check Pods Manifest.lock */ = {
			isa = PBXShellScriptBuildPhase;
			buildActionMask = 2147483647;
			files = (
			);
			inputPaths = (
			);
			name = "[CP] Check Pods Manifest.lock";
			outputPaths = (
			);
			runOnlyForDeploymentPostprocessing = 0;
			shellPath = /bin/sh;
			shellScript = "diff \"${PODS_ROOT}/../Podfile.lock\" \"${PODS_ROOT}/Manifest.lock\" > /dev/null\nif [ $? != 0 ] ; then\n    # print error to STDERR\n    echo \"error: The sandbox is not in sync with the Podfile.lock. Run 'pod install' or update your CocoaPods installation.\" >&2\n    exit 1\nfi\n";
			showEnvVarsInLog = 0;
		};
		BACD40C0374DFE62C90A4604 /* [CP] Copy Pods Resources */ = {
			isa = PBXShellScriptBuildPhase;
			buildActionMask = 2147483647;
			files = (
			);
			inputPaths = (
			);
			name = "[CP] Copy Pods Resources";
			outputPaths = (
			);
			runOnlyForDeploymentPostprocessing = 0;
			shellPath = /bin/sh;
			shellScript = "\"${SRCROOT}/Pods/Target Support Files/Pods-TaskMe/Pods-TaskMe-resources.sh\"\n";
			showEnvVarsInLog = 0;
		};
		C6989880C7A8F2E7E45BAAA6 /* [CP] Check Pods Manifest.lock */ = {
			isa = PBXShellScriptBuildPhase;
			buildActionMask = 2147483647;
			files = (
			);
			inputPaths = (
			);
			name = "[CP] Check Pods Manifest.lock";
			outputPaths = (
			);
			runOnlyForDeploymentPostprocessing = 0;
			shellPath = /bin/sh;
			shellScript = "diff \"${PODS_ROOT}/../Podfile.lock\" \"${PODS_ROOT}/Manifest.lock\" > /dev/null\nif [ $? != 0 ] ; then\n    # print error to STDERR\n    echo \"error: The sandbox is not in sync with the Podfile.lock. Run 'pod install' or update your CocoaPods installation.\" >&2\n    exit 1\nfi\n";
			showEnvVarsInLog = 0;
		};
/* End PBXShellScriptBuildPhase section */

/* Begin PBXSourcesBuildPhase section */
		5F01CA951E3C361400411506 /* Sources */ = {
			isa = PBXSourcesBuildPhase;
			buildActionMask = 2147483647;
			files = (
				5F4E10F31E726356006CA1A7 /* LoginViewController.swift in Sources */,
				5FA688FA1E81CF2B007FF74C /* CurrencyField.swift in Sources */,
				5F47CE141E6E404E00E0CF75 /* HomeViewController.swift in Sources */,
				5F4E10F51E726386006CA1A7 /* SignUpViewController.swift in Sources */,
				5F47CE161E6E448000E0CF75 /* MenuViewController.swift in Sources */,
				5FA688F41E81227E007FF74C /* MyProfileViewController.swift in Sources */,
				5FA688F81E81CE6A007FF74C /* RequestTaskOptionsViewController.swift in Sources */,
				5FA688F21E81226B007FF74C /* CompleteTaskViewController.swift in Sources */,
				5F188DC01E46EFFD00EB73E2 /* ViewController.swift in Sources */,
				5FA688F01E8121DD007FF74C /* RequestTaskViewController.swift in Sources */,
				5F01CA9D1E3C361400411506 /* AppDelegate.swift in Sources */,
				5FBE9C211E46E9E0008D2A4D /* RootPageViewController.swift in Sources */,
				5F47CE0D1E6E2E8A00E0CF75 /* SWRevealViewController.m in Sources */,
				5FA688F61E81228E007FF74C /* SettingsViewController.swift in Sources */,
			);
			runOnlyForDeploymentPostprocessing = 0;
		};
		5F01CAA91E3C361400411506 /* Sources */ = {
			isa = PBXSourcesBuildPhase;
			buildActionMask = 2147483647;
			files = (
				5F01CAB21E3C361400411506 /* TaskMeTests.swift in Sources */,
			);
			runOnlyForDeploymentPostprocessing = 0;
		};
		5F01CAB41E3C361400411506 /* Sources */ = {
			isa = PBXSourcesBuildPhase;
			buildActionMask = 2147483647;
			files = (
				5F01CABD1E3C361400411506 /* TaskMeUITests.swift in Sources */,
			);
			runOnlyForDeploymentPostprocessing = 0;
		};
/* End PBXSourcesBuildPhase section */

/* Begin PBXTargetDependency section */
		5F01CAAF1E3C361400411506 /* PBXTargetDependency */ = {
			isa = PBXTargetDependency;
			target = 5F01CA981E3C361400411506 /* TaskMe */;
			targetProxy = 5F01CAAE1E3C361400411506 /* PBXContainerItemProxy */;
		};
		5F01CABA1E3C361400411506 /* PBXTargetDependency */ = {
			isa = PBXTargetDependency;
			target = 5F01CA981E3C361400411506 /* TaskMe */;
			targetProxy = 5F01CAB91E3C361400411506 /* PBXContainerItemProxy */;
		};
/* End PBXTargetDependency section */

/* Begin PBXVariantGroup section */
		5F01CAA01E3C361400411506 /* Main.storyboard */ = {
			isa = PBXVariantGroup;
			children = (
				5F01CAA11E3C361400411506 /* Base */,
			);
			name = Main.storyboard;
			sourceTree = "<group>";
		};
		5F01CAA51E3C361400411506 /* LaunchScreen.storyboard */ = {
			isa = PBXVariantGroup;
			children = (
				5F01CAA61E3C361400411506 /* Base */,
			);
			name = LaunchScreen.storyboard;
			sourceTree = "<group>";
		};
/* End PBXVariantGroup section */

/* Begin XCBuildConfiguration section */
		5F01CABF1E3C361400411506 /* Debug */ = {
			isa = XCBuildConfiguration;
			buildSettings = {
				ALWAYS_SEARCH_USER_PATHS = NO;
				CLANG_ANALYZER_NONNULL = YES;
				CLANG_CXX_LANGUAGE_STANDARD = "gnu++0x";
				CLANG_CXX_LIBRARY = "libc++";
				CLANG_ENABLE_MODULES = YES;
				CLANG_ENABLE_OBJC_ARC = YES;
				CLANG_WARN_BOOL_CONVERSION = YES;
				CLANG_WARN_CONSTANT_CONVERSION = YES;
				CLANG_WARN_DIRECT_OBJC_ISA_USAGE = YES_ERROR;
				CLANG_WARN_DOCUMENTATION_COMMENTS = YES;
				CLANG_WARN_EMPTY_BODY = YES;
				CLANG_WARN_ENUM_CONVERSION = YES;
				CLANG_WARN_INFINITE_RECURSION = YES;
				CLANG_WARN_INT_CONVERSION = YES;
				CLANG_WARN_OBJC_ROOT_CLASS = YES_ERROR;
				CLANG_WARN_SUSPICIOUS_MOVE = YES;
				CLANG_WARN_UNREACHABLE_CODE = YES;
				CLANG_WARN__DUPLICATE_METHOD_MATCH = YES;
				"CODE_SIGN_IDENTITY[sdk=iphoneos*]" = "iPhone Developer";
				COPY_PHASE_STRIP = NO;
				DEBUG_INFORMATION_FORMAT = dwarf;
				ENABLE_STRICT_OBJC_MSGSEND = YES;
				ENABLE_TESTABILITY = YES;
				GCC_C_LANGUAGE_STANDARD = gnu99;
				GCC_DYNAMIC_NO_PIC = NO;
				GCC_NO_COMMON_BLOCKS = YES;
				GCC_OPTIMIZATION_LEVEL = 0;
				GCC_PREPROCESSOR_DEFINITIONS = (
					"DEBUG=1",
					"$(inherited)",
				);
				GCC_WARN_64_TO_32_BIT_CONVERSION = YES;
				GCC_WARN_ABOUT_RETURN_TYPE = YES_ERROR;
				GCC_WARN_UNDECLARED_SELECTOR = YES;
				GCC_WARN_UNINITIALIZED_AUTOS = YES_AGGRESSIVE;
				GCC_WARN_UNUSED_FUNCTION = YES;
				GCC_WARN_UNUSED_VARIABLE = YES;
				IPHONEOS_DEPLOYMENT_TARGET = 10.2;
				MTL_ENABLE_DEBUG_INFO = YES;
				ONLY_ACTIVE_ARCH = YES;
				SDKROOT = iphoneos;
				SWIFT_ACTIVE_COMPILATION_CONDITIONS = DEBUG;
				SWIFT_OPTIMIZATION_LEVEL = "-Onone";
				TARGETED_DEVICE_FAMILY = "1,2";
			};
			name = Debug;
		};
		5F01CAC01E3C361400411506 /* Release */ = {
			isa = XCBuildConfiguration;
			buildSettings = {
				ALWAYS_SEARCH_USER_PATHS = NO;
				CLANG_ANALYZER_NONNULL = YES;
				CLANG_CXX_LANGUAGE_STANDARD = "gnu++0x";
				CLANG_CXX_LIBRARY = "libc++";
				CLANG_ENABLE_MODULES = YES;
				CLANG_ENABLE_OBJC_ARC = YES;
				CLANG_WARN_BOOL_CONVERSION = YES;
				CLANG_WARN_CONSTANT_CONVERSION = YES;
				CLANG_WARN_DIRECT_OBJC_ISA_USAGE = YES_ERROR;
				CLANG_WARN_DOCUMENTATION_COMMENTS = YES;
				CLANG_WARN_EMPTY_BODY = YES;
				CLANG_WARN_ENUM_CONVERSION = YES;
				CLANG_WARN_INFINITE_RECURSION = YES;
				CLANG_WARN_INT_CONVERSION = YES;
				CLANG_WARN_OBJC_ROOT_CLASS = YES_ERROR;
				CLANG_WARN_SUSPICIOUS_MOVE = YES;
				CLANG_WARN_UNREACHABLE_CODE = YES;
				CLANG_WARN__DUPLICATE_METHOD_MATCH = YES;
				"CODE_SIGN_IDENTITY[sdk=iphoneos*]" = "iPhone Developer";
				COPY_PHASE_STRIP = NO;
				DEBUG_INFORMATION_FORMAT = "dwarf-with-dsym";
				ENABLE_NS_ASSERTIONS = NO;
				ENABLE_STRICT_OBJC_MSGSEND = YES;
				GCC_C_LANGUAGE_STANDARD = gnu99;
				GCC_NO_COMMON_BLOCKS = YES;
				GCC_WARN_64_TO_32_BIT_CONVERSION = YES;
				GCC_WARN_ABOUT_RETURN_TYPE = YES_ERROR;
				GCC_WARN_UNDECLARED_SELECTOR = YES;
				GCC_WARN_UNINITIALIZED_AUTOS = YES_AGGRESSIVE;
				GCC_WARN_UNUSED_FUNCTION = YES;
				GCC_WARN_UNUSED_VARIABLE = YES;
				IPHONEOS_DEPLOYMENT_TARGET = 10.2;
				MTL_ENABLE_DEBUG_INFO = NO;
				SDKROOT = iphoneos;
				SWIFT_OPTIMIZATION_LEVEL = "-Owholemodule";
				TARGETED_DEVICE_FAMILY = "1,2";
				VALIDATE_PRODUCT = YES;
			};
			name = Release;
		};
		5F01CAC21E3C361400411506 /* Debug */ = {
			isa = XCBuildConfiguration;
			baseConfigurationReference = 85C196DEB8B265F00AA6753E /* Pods-TaskMe.debug.xcconfig */;
			buildSettings = {
				ASSETCATALOG_COMPILER_APPICON_NAME = AppIcon;
				CLANG_ENABLE_MODULES = YES;
				CODE_SIGN_IDENTITY = "iPhone Developer";
				DEVELOPMENT_TEAM = "";
				INFOPLIST_FILE = TaskMe/Info.plist;
				IPHONEOS_DEPLOYMENT_TARGET = 10.0;
				LD_RUNPATH_SEARCH_PATHS = "$(inherited) @executable_path/Frameworks";
				PRODUCT_BUNDLE_IDENTIFIER = TaskMePietroSette.TaskMe;
				PRODUCT_NAME = "$(TARGET_NAME)";
				SWIFT_OBJC_BRIDGING_HEADER = "TaskMe/TaskMe-Bridging-Header.h";
				SWIFT_OPTIMIZATION_LEVEL = "-Onone";
				SWIFT_VERSION = 3.0;
			};
			name = Debug;
		};
		5F01CAC31E3C361400411506 /* Release */ = {
			isa = XCBuildConfiguration;
			baseConfigurationReference = 134AAF894C8E5EC5948C4FA2 /* Pods-TaskMe.release.xcconfig */;
			buildSettings = {
				ASSETCATALOG_COMPILER_APPICON_NAME = AppIcon;
				CLANG_ENABLE_MODULES = YES;
				CODE_SIGN_IDENTITY = "iPhone Developer";
				DEVELOPMENT_TEAM = "";
				INFOPLIST_FILE = TaskMe/Info.plist;
				IPHONEOS_DEPLOYMENT_TARGET = 10.0;
				LD_RUNPATH_SEARCH_PATHS = "$(inherited) @executable_path/Frameworks";
				PRODUCT_BUNDLE_IDENTIFIER = TaskMePietroSette.TaskMe;
				PRODUCT_NAME = "$(TARGET_NAME)";
				SWIFT_OBJC_BRIDGING_HEADER = "TaskMe/TaskMe-Bridging-Header.h";
				SWIFT_VERSION = 3.0;
			};
			name = Release;
		};
		5F01CAC51E3C361400411506 /* Debug */ = {
			isa = XCBuildConfiguration;
			baseConfigurationReference = CD44F52664354E2424D5F8AA /* Pods-TaskMeTests.debug.xcconfig */;
			buildSettings = {
				ALWAYS_EMBED_SWIFT_STANDARD_LIBRARIES = YES;
				BUNDLE_LOADER = "$(TEST_HOST)";
				INFOPLIST_FILE = TaskMeTests/Info.plist;
				LD_RUNPATH_SEARCH_PATHS = "$(inherited) @executable_path/Frameworks @loader_path/Frameworks";
				PRODUCT_BUNDLE_IDENTIFIER = TaskMePietroSette.TaskMeTests;
				PRODUCT_NAME = "$(TARGET_NAME)";
				SWIFT_VERSION = 3.0;
				TEST_HOST = "$(BUILT_PRODUCTS_DIR)/TaskMe.app/TaskMe";
			};
			name = Debug;
		};
		5F01CAC61E3C361400411506 /* Release */ = {
			isa = XCBuildConfiguration;
			baseConfigurationReference = F5BCB67D5854E25C0C59F71D /* Pods-TaskMeTests.release.xcconfig */;
			buildSettings = {
				ALWAYS_EMBED_SWIFT_STANDARD_LIBRARIES = YES;
				BUNDLE_LOADER = "$(TEST_HOST)";
				INFOPLIST_FILE = TaskMeTests/Info.plist;
				LD_RUNPATH_SEARCH_PATHS = "$(inherited) @executable_path/Frameworks @loader_path/Frameworks";
				PRODUCT_BUNDLE_IDENTIFIER = TaskMePietroSette.TaskMeTests;
				PRODUCT_NAME = "$(TARGET_NAME)";
				SWIFT_VERSION = 3.0;
				TEST_HOST = "$(BUILT_PRODUCTS_DIR)/TaskMe.app/TaskMe";
			};
			name = Release;
		};
		5F01CAC81E3C361400411506 /* Debug */ = {
			isa = XCBuildConfiguration;
			baseConfigurationReference = 8887451F9EBF7F2C57FD0675 /* Pods-TaskMeUITests.debug.xcconfig */;
			buildSettings = {
				ALWAYS_EMBED_SWIFT_STANDARD_LIBRARIES = YES;
				INFOPLIST_FILE = TaskMeUITests/Info.plist;
				LD_RUNPATH_SEARCH_PATHS = "$(inherited) @executable_path/Frameworks @loader_path/Frameworks";
				PRODUCT_BUNDLE_IDENTIFIER = TaskMePietroSette.TaskMeUITests;
				PRODUCT_NAME = "$(TARGET_NAME)";
				SWIFT_VERSION = 3.0;
				TEST_TARGET_NAME = TaskMe;
			};
			name = Debug;
		};
		5F01CAC91E3C361400411506 /* Release */ = {
			isa = XCBuildConfiguration;
			baseConfigurationReference = 715E56D549FB7A1A939D7263 /* Pods-TaskMeUITests.release.xcconfig */;
			buildSettings = {
				ALWAYS_EMBED_SWIFT_STANDARD_LIBRARIES = YES;
				INFOPLIST_FILE = TaskMeUITests/Info.plist;
				LD_RUNPATH_SEARCH_PATHS = "$(inherited) @executable_path/Frameworks @loader_path/Frameworks";
				PRODUCT_BUNDLE_IDENTIFIER = TaskMePietroSette.TaskMeUITests;
				PRODUCT_NAME = "$(TARGET_NAME)";
				SWIFT_VERSION = 3.0;
				TEST_TARGET_NAME = TaskMe;
			};
			name = Release;
		};
/* End XCBuildConfiguration section */

/* Begin XCConfigurationList section */
		5F01CA941E3C361400411506 /* Build configuration list for PBXProject "TaskMe" */ = {
			isa = XCConfigurationList;
			buildConfigurations = (
				5F01CABF1E3C361400411506 /* Debug */,
				5F01CAC01E3C361400411506 /* Release */,
			);
			defaultConfigurationIsVisible = 0;
			defaultConfigurationName = Release;
		};
		5F01CAC11E3C361400411506 /* Build configuration list for PBXNativeTarget "TaskMe" */ = {
			isa = XCConfigurationList;
			buildConfigurations = (
				5F01CAC21E3C361400411506 /* Debug */,
				5F01CAC31E3C361400411506 /* Release */,
			);
			defaultConfigurationIsVisible = 0;
			defaultConfigurationName = Release;
		};
		5F01CAC41E3C361400411506 /* Build configuration list for PBXNativeTarget "TaskMeTests" */ = {
			isa = XCConfigurationList;
			buildConfigurations = (
				5F01CAC51E3C361400411506 /* Debug */,
				5F01CAC61E3C361400411506 /* Release */,
			);
			defaultConfigurationIsVisible = 0;
			defaultConfigurationName = Release;
		};
		5F01CAC71E3C361400411506 /* Build configuration list for PBXNativeTarget "TaskMeUITests" */ = {
			isa = XCConfigurationList;
			buildConfigurations = (
				5F01CAC81E3C361400411506 /* Debug */,
				5F01CAC91E3C361400411506 /* Release */,
			);
			defaultConfigurationIsVisible = 0;
			defaultConfigurationName = Release;
		};
/* End XCConfigurationList section */
	};
	rootObject = 5F01CA911E3C361400411506 /* Project object */;
}
